
Microsoft Visual Studio Solution File, Format Version 12.00
# Visual Studio Version 16
VisualStudioVersion = 16.0.31424.327
MinimumVisualStudioVersion = 10.0.40219.1
Project("{FAE04EC0-301F-11D3-BF4B-00C04F79EFBC}") = "OVS Team 3 API", "OVS Team 3 API.csproj", "{9BB40A19-28DB-4D55-AF42-21133BCE4BA1}"
EndProject
Global
	GlobalSection(SolutionConfigurationPlatforms) = preSolution
		Debug|Any CPU = Debug|Any CPU
		Release|Any CPU = Release|Any CPU
	EndGlobalSection
	GlobalSection(ProjectConfigurationPlatforms) = postSolution
		{9BB40A19-28DB-4D55-AF42-21133BCE4BA1}.Debug|Any CPU.ActiveCfg = Debug|Any CPU
		{9BB40A19-28DB-4D55-AF42-21133BCE4BA1}.Debug|Any CPU.Build.0 = Debug|Any CPU
		{9BB40A19-28DB-4D55-AF42-21133BCE4BA1}.Release|Any CPU.ActiveCfg = Release|Any CPU
		{9BB40A19-28DB-4D55-AF42-21133BCE4BA1}.Release|Any CPU.Build.0 = Release|Any CPU
	EndGlobalSection
	GlobalSection(SolutionProperties) = preSolution
		HideSolutionNode = FALSE
	EndGlobalSection
	GlobalSection(ExtensibilityGlobals) = postSolution
		SolutionGuid = {72D4460A-536D-4B34-9670-99E78C0142A6}
	EndGlobalSection
EndGlobal
